// !$*UTF8*$!
{
	archiveVersion = 1;
	classes = {
	};
	objectVersion = 46;
	objects = {

/* Begin PBXBuildFile section */
		921AAF871AC2F21800CD1850 /* iStatusNotifier.m in Sources */ = {isa = PBXBuildFile; fileRef = 921AAF861AC2F21800CD1850 /* iStatusNotifier.m */; };
		92FE95E61AC28CBD00D9BC8A /* main.m in Sources */ = {isa = PBXBuildFile; fileRef = 92FE95E51AC28CBD00D9BC8A /* main.m */; };
		92FE95E91AC28CBD00D9BC8A /* AppDelegate.m in Sources */ = {isa = PBXBuildFile; fileRef = 92FE95E81AC28CBD00D9BC8A /* AppDelegate.m */; };
		92FE95EC1AC28CBD00D9BC8A /* ViewController.m in Sources */ = {isa = PBXBuildFile; fileRef = 92FE95EB1AC28CBD00D9BC8A /* ViewController.m */; };
		92FE95EF1AC28CBD00D9BC8A /* Main.storyboard in Resources */ = {isa = PBXBuildFile; fileRef = 92FE95ED1AC28CBD00D9BC8A /* Main.storyboard */; };
		92FE95F11AC28CBD00D9BC8A /* Images.xcassets in Resources */ = {isa = PBXBuildFile; fileRef = 92FE95F01AC28CBD00D9BC8A /* Images.xcassets */; };
		92FE95F41AC28CBD00D9BC8A /* LaunchScreen.xib in Resources */ = {isa = PBXBuildFile; fileRef = 92FE95F21AC28CBD00D9BC8A /* LaunchScreen.xib */; };
		92FE96001AC28CBD00D9BC8A /* iStatusNotifierTests.m in Sources */ = {isa = PBXBuildFile; fileRef = 92FE95FF1AC28CBD00D9BC8A /* iStatusNotifierTests.m */; };
/* End PBXBuildFile section */

/* Begin PBXContainerItemProxy section */
		92FE95FA1AC28CBD00D9BC8A /* PBXContainerItemProxy */ = {
			isa = PBXContainerItemProxy;
			containerPortal = 92FE95D81AC28CBD00D9BC8A /* Project object */;
			proxyType = 1;
			remoteGlobalIDString = 92FE95DF1AC28CBD00D9BC8A;
			remoteInfo = iStatusNotifier;
		};
/* End PBXContainerItemProxy section */

/* Begin PBXFileReference section */
		921AAF851AC2F21800CD1850 /* iStatusNotifier.h */ = {isa = PBXFileReference; fileEncoding = 4; lastKnownFileType = sourcecode.c.h; path = iStatusNotifier.h; sourceTree = "<group>"; };
		921AAF861AC2F21800CD1850 /* iStatusNotifier.m */ = {isa = PBXFileReference; fileEncoding = 4; lastKnownFileType = sourcecode.c.objc; path = iStatusNotifier.m; sourceTree = "<group>"; };
		92FE95E01AC28CBD00D9BC8A /* iStatusNotifier.app */ = {isa = PBXFileReference; explicitFileType = wrapper.application; includeInIndex = 0; path = iStatusNotifier.app; sourceTree = BUILT_PRODUCTS_DIR; };
		92FE95E41AC28CBD00D9BC8A /* Info.plist */ = {isa = PBXFileReference; lastKnownFileType = text.plist.xml; path = Info.plist; sourceTree = "<group>"; };
		92FE95E51AC28CBD00D9BC8A /* main.m */ = {isa = PBXFileReference; lastKnownFileType = sourcecode.c.objc; path = main.m; sourceTree = "<group>"; };
		92FE95E71AC28CBD00D9BC8A /* AppDelegate.h */ = {isa = PBXFileReference; lastKnownFileType = sourcecode.c.h; path = AppDelegate.h; sourceTree = "<group>"; };
		92FE95E81AC28CBD00D9BC8A /* AppDelegate.m */ = {isa = PBXFileReference; lastKnownFileType = sourcecode.c.objc; path = AppDelegate.m; sourceTree = "<group>"; };
		92FE95EA1AC28CBD00D9BC8A /* ViewController.h */ = {isa = PBXFileReference; lastKnownFileType = sourcecode.c.h; path = ViewController.h; sourceTree = "<group>"; };
		92FE95EB1AC28CBD00D9BC8A /* ViewController.m */ = {isa = PBXFileReference; lastKnownFileType = sourcecode.c.objc; path = ViewController.m; sourceTree = "<group>"; };
		92FE95EE1AC28CBD00D9BC8A /* Base */ = {isa = PBXFileReference; lastKnownFileType = file.storyboard; name = Base; path = Base.lproj/Main.storyboard; sourceTree = "<group>"; };
		92FE95F01AC28CBD00D9BC8A /* Images.xcassets */ = {isa = PBXFileReference; lastKnownFileType = folder.assetcatalog; path = Images.xcassets; sourceTree = "<group>"; };
		92FE95F31AC28CBD00D9BC8A /* Base */ = {isa = PBXFileReference; lastKnownFileType = file.xib; name = Base; path = Base.lproj/LaunchScreen.xib; sourceTree = "<group>"; };
		92FE95F91AC28CBD00D9BC8A /* iStatusNotifierTests.xctest */ = {isa = PBXFileReference; explicitFileType = wrapper.cfbundle; includeInIndex = 0; path = iStatusNotifierTests.xctest; sourceTree = BUILT_PRODUCTS_DIR; };
		92FE95FE1AC28CBD00D9BC8A /* Info.plist */ = {isa = PBXFileReference; lastKnownFileType = text.plist.xml; path = Info.plist; sourceTree = "<group>"; };
		92FE95FF1AC28CBD00D9BC8A /* iStatusNotifierTests.m */ = {isa = PBXFileReference; lastKnownFileType = sourcecode.c.objc; path = iStatusNotifierTests.m; sourceTree = "<group>"; };
/* End PBXFileReference section */

/* Begin PBXFrameworksBuildPhase section */
		92FE95DD1AC28CBD00D9BC8A /* Frameworks */ = {
			isa = PBXFrameworksBuildPhase;
			buildActionMask = 2147483647;
			files = (
			);
			runOnlyForDeploymentPostprocessing = 0;
		};
		92FE95F61AC28CBD00D9BC8A /* Frameworks */ = {
			isa = PBXFrameworksBuildPhase;
			buildActionMask = 2147483647;
			files = (
			);
			runOnlyForDeploymentPostprocessing = 0;
		};
/* End PBXFrameworksBuildPhase section */

/* Begin PBXGroup section */
		92FE95D71AC28CBD00D9BC8A = {
			isa = PBXGroup;
			children = (
				92FE95E21AC28CBD00D9BC8A /* iStatusNotifier */,
				92FE95FC1AC28CBD00D9BC8A /* iStatusNotifierTests */,
				92FE95E11AC28CBD00D9BC8A /* Products */,
			);
			sourceTree = "<group>";
		};
		92FE95E11AC28CBD00D9BC8A /* Products */ = {
			isa = PBXGroup;
			children = (
				92FE95E01AC28CBD00D9BC8A /* iStatusNotifier.app */,
				92FE95F91AC28CBD00D9BC8A /* iStatusNotifierTests.xctest */,
			);
			name = Products;
			sourceTree = "<group>";
		};
		92FE95E21AC28CBD00D9BC8A /* iStatusNotifier */ = {
			isa = PBXGroup;
			children = (
				92FE95E71AC28CBD00D9BC8A /* AppDelegate.h */,
				92FE95E81AC28CBD00D9BC8A /* AppDelegate.m */,
				92FE95EA1AC28CBD00D9BC8A /* ViewController.h */,
				92FE95EB1AC28CBD00D9BC8A /* ViewController.m */,
				921AAF851AC2F21800CD1850 /* iStatusNotifier.h */,
				921AAF861AC2F21800CD1850 /* iStatusNotifier.m */,
				92FE95ED1AC28CBD00D9BC8A /* Main.storyboard */,
				92FE95F01AC28CBD00D9BC8A /* Images.xcassets */,
				92FE95F21AC28CBD00D9BC8A /* LaunchScreen.xib */,
				92FE95E31AC28CBD00D9BC8A /* Supporting Files */,
			);
			path = iStatusNotifier;
			sourceTree = "<group>";
		};
		92FE95E31AC28CBD00D9BC8A /* Supporting Files */ = {
			isa = PBXGroup;
			children = (
				92FE95E41AC28CBD00D9BC8A /* Info.plist */,
				92FE95E51AC28CBD00D9BC8A /* main.m */,
			);
			name = "Supporting Files";
			sourceTree = "<group>";
		};
		92FE95FC1AC28CBD00D9BC8A /* iStatusNotifierTests */ = {
			isa = PBXGroup;
			children = (
				92FE95FF1AC28CBD00D9BC8A /* iStatusNotifierTests.m */,
				92FE95FD1AC28CBD00D9BC8A /* Supporting Files */,
			);
			path = iStatusNotifierTests;
			sourceTree = "<group>";
		};
		92FE95FD1AC28CBD00D9BC8A /* Supporting Files */ = {
			isa = PBXGroup;
			children = (
				92FE95FE1AC28CBD00D9BC8A /* Info.plist */,
			);
			name = "Supporting Files";
			sourceTree = "<group>";
		};
/* End PBXGroup section */

/* Begin PBXNativeTarget section */
		92FE95DF1AC28CBD00D9BC8A /* iStatusNotifier */ = {
			isa = PBXNativeTarget;
			buildConfigurationList = 92FE96031AC28CBD00D9BC8A /* Build configuration list for PBXNativeTarget "iStatusNotifier" */;
			buildPhases = (
				92FE95DC1AC28CBD00D9BC8A /* Sources */,
				92FE95DD1AC28CBD00D9BC8A /* Frameworks */,
				92FE95DE1AC28CBD00D9BC8A /* Resources */,
			);
			buildRules = (
			);
			dependencies = (
			);
			name = iStatusNotifier;
			productName = iStatusNotifier;
			productReference = 92FE95E01AC28CBD00D9BC8A /* iStatusNotifier.app */;
			productType = "com.apple.product-type.application";
		};
		92FE95F81AC28CBD00D9BC8A /* iStatusNotifierTests */ = {
			isa = PBXNativeTarget;
			buildConfigurationList = 92FE96061AC28CBD00D9BC8A /* Build configuration list for PBXNativeTarget "iStatusNotifierTests" */;
			buildPhases = (
				92FE95F51AC28CBD00D9BC8A /* Sources */,
				92FE95F61AC28CBD00D9BC8A /* Frameworks */,
				92FE95F71AC28CBD00D9BC8A /* Resources */,
			);
			buildRules = (
			);
			dependencies = (
				92FE95FB1AC28CBD00D9BC8A /* PBXTargetDependency */,
			);
			name = iStatusNotifierTests;
			productName = iStatusNotifierTests;
			productReference = 92FE95F91AC28CBD00D9BC8A /* iStatusNotifierTests.xctest */;
			productType = "com.apple.product-type.bundle.unit-test";
		};
/* End PBXNativeTarget section */

/* Begin PBXProject section */
		92FE95D81AC28CBD00D9BC8A /* Project object */ = {
			isa = PBXProject;
			attributes = {
				LastUpgradeCheck = 0620;
				ORGANIZATIONNAME = ZOHO;
				TargetAttributes = {
					92FE95DF1AC28CBD00D9BC8A = {
						CreatedOnToolsVersion = 6.2;
					};
					92FE95F81AC28CBD00D9BC8A = {
						CreatedOnToolsVersion = 6.2;
						TestTargetID = 92FE95DF1AC28CBD00D9BC8A;
					};
				};
			};
			buildConfigurationList = 92FE95DB1AC28CBD00D9BC8A /* Build configuration list for PBXProject "iStatusNotifier" */;
			compatibilityVersion = "Xcode 3.2";
			developmentRegion = English;
			hasScannedForEncodings = 0;
			knownRegions = (
				en,
				Base,
			);
			mainGroup = 92FE95D71AC28CBD00D9BC8A;
			productRefGroup = 92FE95E11AC28CBD00D9BC8A /* Products */;
			projectDirPath = "";
			projectRoot = "";
			targets = (
				92FE95DF1AC28CBD00D9BC8A /* iStatusNotifier */,
				92FE95F81AC28CBD00D9BC8A /* iStatusNotifierTests */,
			);
		};
/* End PBXProject section */

/* Begin PBXResourcesBuildPhase section */
		92FE95DE1AC28CBD00D9BC8A /* Resources */ = {
			isa = PBXResourcesBuildPhase;
			buildActionMask = 2147483647;
			files = (
				92FE95EF1AC28CBD00D9BC8A /* Main.storyboard in Resources */,
				92FE95F41AC28CBD00D9BC8A /* LaunchScreen.xib in Resources */,
				92FE95F11AC28CBD00D9BC8A /* Images.xcassets in Resources */,
			);
			runOnlyForDeploymentPostprocessing = 0;
		};
		92FE95F71AC28CBD00D9BC8A /* Resources */ = {
			isa = PBXResourcesBuildPhase;
			buildActionMask = 2147483647;
			files = (
			);
			runOnlyForDeploymentPostprocessing = 0;
		};
/* End PBXResourcesBuildPhase section */

/* Begin PBXSourcesBuildPhase section */
		92FE95DC1AC28CBD00D9BC8A /* Sources */ = {
			isa = PBXSourcesBuildPhase;
			buildActionMask = 2147483647;
			files = (
				92FE95EC1AC28CBD00D9BC8A /* ViewController.m in Sources */,
				921AAF871AC2F21800CD1850 /* iStatusNotifier.m in Sources */,
				92FE95E91AC28CBD00D9BC8A /* AppDelegate.m in Sources */,
				92FE95E61AC28CBD00D9BC8A /* main.m in Sources */,
			);
			runOnlyForDeploymentPostprocessing = 0;
		};
		92FE95F51AC28CBD00D9BC8A /* Sources */ = {
			isa = PBXSourcesBuildPhase;
			buildActionMask = 2147483647;
			files = (
				92FE96001AC28CBD00D9BC8A /* iStatusNotifierTests.m in Sources */,
			);
			runOnlyForDeploymentPostprocessing = 0;
		};
/* End PBXSourcesBuildPhase section */

/* Begin PBXTargetDependency section */
		92FE95FB1AC28CBD00D9BC8A /* PBXTargetDependency */ = {
			isa = PBXTargetDependency;
			target = 92FE95DF1AC28CBD00D9BC8A /* iStatusNotifier */;
			targetProxy = 92FE95FA1AC28CBD00D9BC8A /* PBXContainerItemProxy */;
		};
/* End PBXTargetDependency section */

/* Begin PBXVariantGroup section */
		92FE95ED1AC28CBD00D9BC8A /* Main.storyboard */ = {
			isa = PBXVariantGroup;
			children = (
				92FE95EE1AC28CBD00D9BC8A /* Base */,
			);
			name = Main.storyboard;
			sourceTree = "<group>";
		};
		92FE95F21AC28CBD00D9BC8A /* LaunchScreen.xib */ = {
			isa = PBXVariantGroup;
			children = (
				92FE95F31AC28CBD00D9BC8A /* Base */,
			);
			name = LaunchScreen.xib;
			sourceTree = "<group>";
		};
/* End PBXVariantGroup section */

/* Begin XCBuildConfiguration section */
		92FE96011AC28CBD00D9BC8A /* Debug */ = {
			isa = XCBuildConfiguration;
			buildSettings = {
				ALWAYS_SEARCH_USER_PATHS = NO;
				CLANG_CXX_LANGUAGE_STANDARD = "gnu++0x";
				CLANG_CXX_LIBRARY = "libc++";
				CLANG_ENABLE_MODULES = YES;
				CLANG_ENABLE_OBJC_ARC = YES;
				CLANG_WARN_BOOL_CONVERSION = YES;
				CLANG_WARN_CONSTANT_CONVERSION = YES;
				CLANG_WARN_DIRECT_OBJC_ISA_USAGE = YES_ERROR;
				CLANG_WARN_EMPTY_BODY = YES;
				CLANG_WARN_ENUM_CONVERSION = YES;
				CLANG_WARN_INT_CONVERSION = YES;
				CLANG_WARN_OBJC_ROOT_CLASS = YES_ERROR;
				CLANG_WARN_UNREACHABLE_CODE = YES;
				CLANG_WARN__DUPLICATE_METHOD_MATCH = YES;
				"CODE_SIGN_IDENTITY[sdk=iphoneos*]" = "iPhone Developer";
				COPY_PHASE_STRIP = NO;
				ENABLE_STRICT_OBJC_MSGSEND = YES;
				GCC_C_LANGUAGE_STANDARD = gnu99;
				GCC_DYNAMIC_NO_PIC = NO;
				GCC_OPTIMIZATION_LEVEL = 0;
				GCC_PREPROCESSOR_DEFINITIONS = (
					"DEBUG=1",
					"$(inherited)",
				);
				GCC_SYMBOLS_PRIVATE_EXTERN = NO;
				GCC_WARN_64_TO_32_BIT_CONVERSION = YES;
				GCC_WARN_ABOUT_RETURN_TYPE = YES_ERROR;
				GCC_WARN_UNDECLARED_SELECTOR = YES;
				GCC_WARN_UNINITIALIZED_AUTOS = YES_AGGRESSIVE;
				GCC_WARN_UNUSED_FUNCTION = YES;
				GCC_WARN_UNUSED_VARIABLE = YES;
				IPHONEOS_DEPLOYMENT_TARGET = 8.2;
				MTL_ENABLE_DEBUG_INFO = YES;
				ONLY_ACTIVE_ARCH = YES;
				SDKROOT = iphoneos;
				TARGETED_DEVICE_FAMILY = "1,2";
			};
			name = Debug;
		};
		92FE96021AC28CBD00D9BC8A /* Release */ = {
			isa = XCBuildConfiguration;
			buildSettings = {
				ALWAYS_SEARCH_USER_PATHS = NO;
				CLANG_CXX_LANGUAGE_STANDARD = "gnu++0x";
				CLANG_CXX_LIBRARY = "libc++";
				CLANG_ENABLE_MODULES = YES;
				CLANG_ENABLE_OBJC_ARC = YES;
				CLANG_WARN_BOOL_CONVERSION = YES;
				CLANG_WARN_CONSTANT_CONVERSION = YES;
				CLANG_WARN_DIRECT_OBJC_ISA_USAGE = YES_ERROR;
				CLANG_WARN_EMPTY_BODY = YES;
				CLANG_WARN_ENUM_CONVERSION = YES;
				CLANG_WARN_INT_CONVERSION = YES;
				CLANG_WARN_OBJC_ROOT_CLASS = YES_ERROR;
				CLANG_WARN_UNREACHABLE_CODE = YES;
				CLANG_WARN__DUPLICATE_METHOD_MATCH = YES;
				"CODE_SIGN_IDENTITY[sdk=iphoneos*]" = "iPhone Developer";
				COPY_PHASE_STRIP = NO;
				ENABLE_NS_ASSERTIONS = NO;
				ENABLE_STRICT_OBJC_MSGSEND = YES;
				GCC_C_LANGUAGE_STANDARD = gnu99;
				GCC_WARN_64_TO_32_BIT_CONVERSION = YES;
				GCC_WARN_ABOUT_RETURN_TYPE = YES_ERROR;
				GCC_WARN_UNDECLARED_SELECTOR = YES;
				GCC_WARN_UNINITIALIZED_AUTOS = YES_AGGRESSIVE;
				GCC_WARN_UNUSED_FUNCTION = YES;
				GCC_WARN_UNUSED_VARIABLE = YES;
				IPHONEOS_DEPLOYMENT_TARGET = 8.2;
				MTL_ENABLE_DEBUG_INFO = NO;
				SDKROOT = iphoneos;
				TARGETED_DEVICE_FAMILY = "1,2";
				VALIDATE_PRODUCT = YES;
			};
			name = Release;
		};
		92FE96041AC28CBD00D9BC8A /* Debug */ = {
			isa = XCBuildConfiguration;
			buildSettings = {
				ASSETCATALOG_COMPILER_APPICON_NAME = AppIcon;
				INFOPLIST_FILE = iStatusNotifier/Info.plist;
				LD_RUNPATH_SEARCH_PATHS = "$(inherited) @executable_path/Frameworks";
				PRODUCT_NAME = "$(TARGET_NAME)";
			};
			name = Debug;
		};
		92FE96051AC28CBD00D9BC8A /* Release */ = {
			isa = XCBuildConfiguration;
			buildSettings = {
				ASSETCATALOG_COMPILER_APPICON_NAME = AppIcon;
				INFOPLIST_FILE = iStatusNotifier/Info.plist;
				LD_RUNPATH_SEARCH_PATHS = "$(inherited) @executable_path/Frameworks";
				PRODUCT_NAME = "$(TARGET_NAME)";
			};
			name = Release;
		};
		92FE96071AC28CBD00D9BC8A /* Debug */ = {
			isa = XCBuildConfiguration;
			buildSettings = {
				BUNDLE_LOADER = "$(TEST_HOST)";
				FRAMEWORK_SEARCH_PATHS = (
					"$(SDKROOT)/Developer/Library/Frameworks",
					"$(inherited)",
				);
				GCC_PREPROCESSOR_DEFINITIONS = (
					"DEBUG=1",
					"$(inherited)",
				);
				INFOPLIST_FILE = iStatusNotifierTests/Info.plist;
				LD_RUNPATH_SEARCH_PATHS = "$(inherited) @executable_path/Frameworks @loader_path/Frameworks";
				PRODUCT_NAME = "$(TARGET_NAME)";
				TEST_HOST = "$(BUILT_PRODUCTS_DIR)/iStatusNotifier.app/iStatusNotifier";
			};
			name = Debug;
		};
		92FE96081AC28CBD00D9BC8A /* Release */ = {
			isa = XCBuildConfiguration;
			buildSettings = {
				BUNDLE_LOADER = "$(TEST_HOST)";
				FRAMEWORK_SEARCH_PATHS = (
					"$(SDKROOT)/Developer/Library/Frameworks",
					"$(inherited)",
				);
				INFOPLIST_FILE = iStatusNotifierTests/Info.plist;
				LD_RUNPATH_SEARCH_PATHS = "$(inherited) @executable_path/Frameworks @loader_path/Frameworks";
				PRODUCT_NAME = "$(TARGET_NAME)";
				TEST_HOST = "$(BUILT_PRODUCTS_DIR)/iStatusNotifier.app/iStatusNotifier";
			};
			name = Release;
		};
/* End XCBuildConfiguration section */

/* Begin XCConfigurationList section */
		92FE95DB1AC28CBD00D9BC8A /* Build configuration list for PBXProject "iStatusNotifier" */ = {
			isa = XCConfigurationList;
			buildConfigurations = (
				92FE96011AC28CBD00D9BC8A /* Debug */,
				92FE96021AC28CBD00D9BC8A /* Release */,
			);
			defaultConfigurationIsVisible = 0;
			defaultConfigurationName = Release;
		};
		92FE96031AC28CBD00D9BC8A /* Build configuration list for PBXNativeTarget "iStatusNotifier" */ = {
			isa = XCConfigurationList;
			buildConfigurations = (
				92FE96041AC28CBD00D9BC8A /* Debug */,
				92FE96051AC28CBD00D9BC8A /* Release */,
			);
			defaultConfigurationIsVisible = 0;
			defaultConfigurationName = Release;
		};
		92FE96061AC28CBD00D9BC8A /* Build configuration list for PBXNativeTarget "iStatusNotifierTests" */ = {
			isa = XCConfigurationList;
			buildConfigurations = (
				92FE96071AC28CBD00D9BC8A /* Debug */,
				92FE96081AC28CBD00D9BC8A /* Release */,
			);
			defaultConfigurationIsVisible = 0;
			defaultConfigurationName = Release;
		};
/* End XCConfigurationList section */
	};
	rootObject = 92FE95D81AC28CBD00D9BC8A /* Project object */;
}
